
Microsoft Visual Studio Solution File, Format Version 11.00
# Visual Studio 2010
Project("{FAE04EC0-301F-11D3-BF4B-00C04F79EFBC}") = "RPGQuest", "Assembly-CSharp.csproj", "{AF91118F-0306-508C-A405-C2DB9634A77A}"
EndProject
Global
	GlobalSection(SolutionConfigurationPlatforms) = preSolution
		Debug|Any CPU = Debug|Any CPU
		Release|Any CPU = Release|Any CPU
	EndGlobalSection
	GlobalSection(ProjectConfigurationPlatforms) = postSolution
		{AF91118F-0306-508C-A405-C2DB9634A77A}.Debug|Any CPU.ActiveCfg = Debug|Any CPU
		{AF91118F-0306-508C-A405-C2DB9634A77A}.Debug|Any CPU.Build.0 = Debug|Any CPU
		{AF91118F-0306-508C-A405-C2DB9634A77A}.Release|Any CPU.ActiveCfg = Release|Any CPU
		{AF91118F-0306-508C-A405-C2DB9634A77A}.Release|Any CPU.Build.0 = Release|Any CPU
	EndGlobalSection
	GlobalSection(SolutionProperties) = preSolution
		HideSolutionNode = FALSE
	EndGlobalSection
	GlobalSection(MonoDevelopProperties) = preSolution
		StartupItem = Assembly-CSharp.csproj
	EndGlobalSection
EndGlobal
